{
  "version": 4,
  "terraform_version": "1.2.3",
  "serial": 4,
  "lineage": "c70b158c-4fa5-d6c2-03ae-92623af28e2e",
  "outputs": {},
  "resources": [
    {
      "mode": "managed",
      "type": "local_file",
      "name": "literature",
      "provider": "provider[\"registry.terraform.io/hashicorp/local\"]",
      "instances": [
        {
          "schema_version": 0,
          "attributes": {
            "content": "  Sun Tzu said: The art of war is of vital importance to the State.\n\n  It is a matter of life and death, a road either to safety or to\n  ruin. Hence it is a subject of inquiry which can on no account be\n  neglected.\n\n  The art of war, then, is governed by five constant factors, to be\ntaken into account in one's deliberations, when seeking to\ndetermine the conditions obtaining in the field.\n\nThese are: (1) The Moral Law; (2) Heaven; (3) Earth; (4) The\nCommander; (5) Method and discipline.\n",
            "content_base64": null,
            "directory_permission": "0777",
            "file_permission": "0777",
            "filename": "art_of_war.txt",
            "id": "679a25c1d11672a4b970e3ba6996618627e5eb59",
            "sensitive_content": null,
            "source": null
          },
          "sensitive_attributes": [],
          "private": "bnVsbA=="
        }
      ]
    }
  ]
}
